
Microsoft Visual Studio Solution File, Format Version 12.00
# Visual Studio Version 17
VisualStudioVersion = 17.7.34031.279
MinimumVisualStudioVersion = 10.0.40219.1
Project("{FAE04EC0-301F-11D3-BF4B-00C04F79EFBC}") = "ModuleTesting", "ModuleTesting\ModuleTesting.csproj", "{8430A564-80ED-4FF9-90DE-F9B6DCCB0B2F}"
EndProject
Project("{9A19103F-16F7-4668-BE54-9A1E7A4F7556}") = "UnitTestsLab1", "UnitTestsLab1\UnitTestsLab1.csproj", "{5624456E-49BC-4DA1-88AF-C4A15B8EFFF0}"
EndProject
Project("{FAE04EC0-301F-11D3-BF4B-00C04F79EFBC}") = "TriangleBuilder", "Triangle\TriangleBuilder.csproj", "{4252BE19-B5BB-4084-926B-66DF67EBBE04}"
EndProject
Global
	GlobalSection(SolutionConfigurationPlatforms) = preSolution
		Debug|Any CPU = Debug|Any CPU
		Release|Any CPU = Release|Any CPU
	EndGlobalSection
	GlobalSection(ProjectConfigurationPlatforms) = postSolution
		{8430A564-80ED-4FF9-90DE-F9B6DCCB0B2F}.Debug|Any CPU.ActiveCfg = Debug|Any CPU
		{8430A564-80ED-4FF9-90DE-F9B6DCCB0B2F}.Debug|Any CPU.Build.0 = Debug|Any CPU
		{8430A564-80ED-4FF9-90DE-F9B6DCCB0B2F}.Release|Any CPU.ActiveCfg = Release|Any CPU
		{8430A564-80ED-4FF9-90DE-F9B6DCCB0B2F}.Release|Any CPU.Build.0 = Release|Any CPU
		{5624456E-49BC-4DA1-88AF-C4A15B8EFFF0}.Debug|Any CPU.ActiveCfg = Debug|Any CPU
		{5624456E-49BC-4DA1-88AF-C4A15B8EFFF0}.Debug|Any CPU.Build.0 = Debug|Any CPU
		{5624456E-49BC-4DA1-88AF-C4A15B8EFFF0}.Release|Any CPU.ActiveCfg = Release|Any CPU
		{5624456E-49BC-4DA1-88AF-C4A15B8EFFF0}.Release|Any CPU.Build.0 = Release|Any CPU
		{4252BE19-B5BB-4084-926B-66DF67EBBE04}.Debug|Any CPU.ActiveCfg = Debug|Any CPU
		{4252BE19-B5BB-4084-926B-66DF67EBBE04}.Debug|Any CPU.Build.0 = Debug|Any CPU
		{4252BE19-B5BB-4084-926B-66DF67EBBE04}.Release|Any CPU.ActiveCfg = Release|Any CPU
		{4252BE19-B5BB-4084-926B-66DF67EBBE04}.Release|Any CPU.Build.0 = Release|Any CPU
	EndGlobalSection
	GlobalSection(SolutionProperties) = preSolution
		HideSolutionNode = FALSE
	EndGlobalSection
	GlobalSection(ExtensibilityGlobals) = postSolution
		SolutionGuid = {A652322D-0373-4EC1-85C4-7E2EBE098AC6}
	EndGlobalSection
EndGlobal
