
Microsoft Visual Studio Solution File, Format Version 12.00
# Visual Studio Version 17
VisualStudioVersion = 17.8.34525.116
MinimumVisualStudioVersion = 10.0.40219.1
Project("{8BC9CEB8-8B4A-11D0-8D11-00A0C91BC942}") = "MpiFirstProject", "MpiFirstProject\MpiFirstProject.vcxproj", "{BAB98F1B-59CB-4D70-9380-1794C6AE6028}"
EndProject
Global
	GlobalSection(SolutionConfigurationPlatforms) = preSolution
		Debug|x64 = Debug|x64
		Debug|x86 = Debug|x86
		Release|x64 = Release|x64
		Release|x86 = Release|x86
	EndGlobalSection
	GlobalSection(ProjectConfigurationPlatforms) = postSolution
		{BAB98F1B-59CB-4D70-9380-1794C6AE6028}.Debug|x64.ActiveCfg = Debug|x64
		{BAB98F1B-59CB-4D70-9380-1794C6AE6028}.Debug|x64.Build.0 = Debug|x64
		{BAB98F1B-59CB-4D70-9380-1794C6AE6028}.Debug|x86.ActiveCfg = Debug|Win32
		{BAB98F1B-59CB-4D70-9380-1794C6AE6028}.Debug|x86.Build.0 = Debug|Win32
		{BAB98F1B-59CB-4D70-9380-1794C6AE6028}.Release|x64.ActiveCfg = Release|x64
		{BAB98F1B-59CB-4D70-9380-1794C6AE6028}.Release|x64.Build.0 = Release|x64
		{BAB98F1B-59CB-4D70-9380-1794C6AE6028}.Release|x86.ActiveCfg = Release|Win32
		{BAB98F1B-59CB-4D70-9380-1794C6AE6028}.Release|x86.Build.0 = Release|Win32
	EndGlobalSection
	GlobalSection(SolutionProperties) = preSolution
		HideSolutionNode = FALSE
	EndGlobalSection
	GlobalSection(ExtensibilityGlobals) = postSolution
		SolutionGuid = {8DFFB84B-1010-4922-BCBB-4DA9D6BD8D8F}
	EndGlobalSection
EndGlobal
